
Microsoft Visual Studio Solution File, Format Version 12.00
# Visual Studio Version 17
VisualStudioVersion = 17.0.31919.166
MinimumVisualStudioVersion = 10.0.40219.1
Project("{8BC9CEB8-8B4A-11D0-8D11-00A0C91BC942}") = "LumHCSR04", "LumHCSR04\LumHCSR04.vcxproj", "{455F6F31-BAF0-4F55-A133-34901BEEDE8F}"
EndProject
Project("{8BC9CEB8-8B4A-11D0-8D11-00A0C91BC942}") = "LumFastLED", "LumFastLED\LumFastLED.vcxproj", "{F8C85CFA-930D-4BA9-BB6A-29A8207FABB9}"
EndProject
Global
	GlobalSection(SolutionConfigurationPlatforms) = preSolution
		Debug|x64 = Debug|x64
		Debug|x86 = Debug|x86
		Release|x64 = Release|x64
		Release|x86 = Release|x86
	EndGlobalSection
	GlobalSection(ProjectConfigurationPlatforms) = postSolution
		{455F6F31-BAF0-4F55-A133-34901BEEDE8F}.Debug|x64.ActiveCfg = Debug|x64
		{455F6F31-BAF0-4F55-A133-34901BEEDE8F}.Debug|x64.Build.0 = Debug|x64
		{455F6F31-BAF0-4F55-A133-34901BEEDE8F}.Debug|x86.ActiveCfg = Debug|Win32
		{455F6F31-BAF0-4F55-A133-34901BEEDE8F}.Debug|x86.Build.0 = Debug|Win32
		{455F6F31-BAF0-4F55-A133-34901BEEDE8F}.Release|x64.ActiveCfg = Release|x64
		{455F6F31-BAF0-4F55-A133-34901BEEDE8F}.Release|x64.Build.0 = Release|x64
		{455F6F31-BAF0-4F55-A133-34901BEEDE8F}.Release|x86.ActiveCfg = Release|Win32
		{455F6F31-BAF0-4F55-A133-34901BEEDE8F}.Release|x86.Build.0 = Release|Win32
		{F8C85CFA-930D-4BA9-BB6A-29A8207FABB9}.Debug|x64.ActiveCfg = Debug|x64
		{F8C85CFA-930D-4BA9-BB6A-29A8207FABB9}.Debug|x64.Build.0 = Debug|x64
		{F8C85CFA-930D-4BA9-BB6A-29A8207FABB9}.Debug|x86.ActiveCfg = Debug|Win32
		{F8C85CFA-930D-4BA9-BB6A-29A8207FABB9}.Debug|x86.Build.0 = Debug|Win32
		{F8C85CFA-930D-4BA9-BB6A-29A8207FABB9}.Release|x64.ActiveCfg = Release|x64
		{F8C85CFA-930D-4BA9-BB6A-29A8207FABB9}.Release|x64.Build.0 = Release|x64
		{F8C85CFA-930D-4BA9-BB6A-29A8207FABB9}.Release|x86.ActiveCfg = Release|Win32
		{F8C85CFA-930D-4BA9-BB6A-29A8207FABB9}.Release|x86.Build.0 = Release|Win32
	EndGlobalSection
	GlobalSection(SolutionProperties) = preSolution
		HideSolutionNode = FALSE
	EndGlobalSection
	GlobalSection(ExtensibilityGlobals) = postSolution
		SolutionGuid = {37C9A244-2749-46EA-AA0F-47C1B3A84DAA}
	EndGlobalSection
EndGlobal
